
Microsoft Visual Studio Solution File, Format Version 12.00
# Visual Studio Version 17
VisualStudioVersion = 17.14.36202.13 d17.14
MinimumVisualStudioVersion = 10.0.40219.1
Project("{FAE04EC0-301F-11D3-BF4B-00C04F79EFBC}") = "Shopping.Client", "Shopping.Client\Shopping.Client.csproj", "{F65D65D0-96FA-4F27-88FB-6AE089646058}"
EndProject
Global
	GlobalSection(SolutionConfigurationPlatforms) = preSolution
		Debug|Any CPU = Debug|Any CPU
		Release|Any CPU = Release|Any CPU
	EndGlobalSection
	GlobalSection(ProjectConfigurationPlatforms) = postSolution
		{F65D65D0-96FA-4F27-88FB-6AE089646058}.Debug|Any CPU.ActiveCfg = Debug|Any CPU
		{F65D65D0-96FA-4F27-88FB-6AE089646058}.Debug|Any CPU.Build.0 = Debug|Any CPU
		{F65D65D0-96FA-4F27-88FB-6AE089646058}.Release|Any CPU.ActiveCfg = Release|Any CPU
		{F65D65D0-96FA-4F27-88FB-6AE089646058}.Release|Any CPU.Build.0 = Release|Any CPU
	EndGlobalSection
	GlobalSection(SolutionProperties) = preSolution
		HideSolutionNode = FALSE
	EndGlobalSection
	GlobalSection(ExtensibilityGlobals) = postSolution
		SolutionGuid = {262D9260-1E4C-4360-AAA9-436B91013A53}
	EndGlobalSection
EndGlobal
